// !$*UTF8*$!
{
	archiveVersion = 1;
	classes = {
	};
	objectVersion = 50;
	objects = {

/* Begin PBXBuildFile section */
		E90C775822A086AB001AFD7A /* AppDelegate.swift in Sources */ = {isa = PBXBuildFile; fileRef = E90C775722A086AB001AFD7A /* AppDelegate.swift */; };
		E90C775A22A086AB001AFD7A /* ViewController.swift in Sources */ = {isa = PBXBuildFile; fileRef = E90C775922A086AB001AFD7A /* ViewController.swift */; };
		E90C775D22A086AB001AFD7A /* Main.storyboard in Resources */ = {isa = PBXBuildFile; fileRef = E90C775B22A086AB001AFD7A /* Main.storyboard */; };
		E90C775F22A086AD001AFD7A /* Assets.xcassets in Resources */ = {isa = PBXBuildFile; fileRef = E90C775E22A086AD001AFD7A /* Assets.xcassets */; };
		E90C776222A086AD001AFD7A /* LaunchScreen.storyboard in Resources */ = {isa = PBXBuildFile; fileRef = E90C776022A086AD001AFD7A /* LaunchScreen.storyboard */; };
		E90C776D22A086AE001AFD7A /* GithubRepoSearchAppTests.swift in Sources */ = {isa = PBXBuildFile; fileRef = E90C776C22A086AE001AFD7A /* GithubRepoSearchAppTests.swift */; };
		E90C777822A086AE001AFD7A /* GithubRepoSearchAppUITests.swift in Sources */ = {isa = PBXBuildFile; fileRef = E90C777722A086AE001AFD7A /* GithubRepoSearchAppUITests.swift */; };
/* End PBXBuildFile section */

/* Begin PBXContainerItemProxy section */
		E90C776922A086AE001AFD7A /* PBXContainerItemProxy */ = {
			isa = PBXContainerItemProxy;
			containerPortal = E90C774C22A086AB001AFD7A /* Project object */;
			proxyType = 1;
			remoteGlobalIDString = E90C775322A086AB001AFD7A;
			remoteInfo = GithubRepoSearchApp;
		};
		E90C777422A086AE001AFD7A /* PBXContainerItemProxy */ = {
			isa = PBXContainerItemProxy;
			containerPortal = E90C774C22A086AB001AFD7A /* Project object */;
			proxyType = 1;
			remoteGlobalIDString = E90C775322A086AB001AFD7A;
			remoteInfo = GithubRepoSearchApp;
		};
/* End PBXContainerItemProxy section */

/* Begin PBXFileReference section */
		E90C775422A086AB001AFD7A /* GithubRepoSearchApp.app */ = {isa = PBXFileReference; explicitFileType = wrapper.application; includeInIndex = 0; path = GithubRepoSearchApp.app; sourceTree = BUILT_PRODUCTS_DIR; };
		E90C775722A086AB001AFD7A /* AppDelegate.swift */ = {isa = PBXFileReference; lastKnownFileType = sourcecode.swift; path = AppDelegate.swift; sourceTree = "<group>"; };
		E90C775922A086AB001AFD7A /* ViewController.swift */ = {isa = PBXFileReference; lastKnownFileType = sourcecode.swift; path = ViewController.swift; sourceTree = "<group>"; };
		E90C775C22A086AB001AFD7A /* Base */ = {isa = PBXFileReference; lastKnownFileType = file.storyboard; name = Base; path = Base.lproj/Main.storyboard; sourceTree = "<group>"; };
		E90C775E22A086AD001AFD7A /* Assets.xcassets */ = {isa = PBXFileReference; lastKnownFileType = folder.assetcatalog; path = Assets.xcassets; sourceTree = "<group>"; };
		E90C776122A086AD001AFD7A /* Base */ = {isa = PBXFileReference; lastKnownFileType = file.storyboard; name = Base; path = Base.lproj/LaunchScreen.storyboard; sourceTree = "<group>"; };
		E90C776322A086AD001AFD7A /* Info.plist */ = {isa = PBXFileReference; lastKnownFileType = text.plist.xml; path = Info.plist; sourceTree = "<group>"; };
		E90C776822A086AE001AFD7A /* GithubRepoSearchAppTests.xctest */ = {isa = PBXFileReference; explicitFileType = wrapper.cfbundle; includeInIndex = 0; path = GithubRepoSearchAppTests.xctest; sourceTree = BUILT_PRODUCTS_DIR; };
		E90C776C22A086AE001AFD7A /* GithubRepoSearchAppTests.swift */ = {isa = PBXFileReference; lastKnownFileType = sourcecode.swift; path = GithubRepoSearchAppTests.swift; sourceTree = "<group>"; };
		E90C776E22A086AE001AFD7A /* Info.plist */ = {isa = PBXFileReference; lastKnownFileType = text.plist.xml; path = Info.plist; sourceTree = "<group>"; };
		E90C777322A086AE001AFD7A /* GithubRepoSearchAppUITests.xctest */ = {isa = PBXFileReference; explicitFileType = wrapper.cfbundle; includeInIndex = 0; path = GithubRepoSearchAppUITests.xctest; sourceTree = BUILT_PRODUCTS_DIR; };
		E90C777722A086AE001AFD7A /* GithubRepoSearchAppUITests.swift */ = {isa = PBXFileReference; lastKnownFileType = sourcecode.swift; path = GithubRepoSearchAppUITests.swift; sourceTree = "<group>"; };
		E90C777922A086AE001AFD7A /* Info.plist */ = {isa = PBXFileReference; lastKnownFileType = text.plist.xml; path = Info.plist; sourceTree = "<group>"; };
/* End PBXFileReference section */

/* Begin PBXFrameworksBuildPhase section */
		E90C775122A086AB001AFD7A /* Frameworks */ = {
			isa = PBXFrameworksBuildPhase;
			buildActionMask = 2147483647;
			files = (
			);
			runOnlyForDeploymentPostprocessing = 0;
		};
		E90C776522A086AD001AFD7A /* Frameworks */ = {
			isa = PBXFrameworksBuildPhase;
			buildActionMask = 2147483647;
			files = (
			);
			runOnlyForDeploymentPostprocessing = 0;
		};
		E90C777022A086AE001AFD7A /* Frameworks */ = {
			isa = PBXFrameworksBuildPhase;
			buildActionMask = 2147483647;
			files = (
			);
			runOnlyForDeploymentPostprocessing = 0;
		};
/* End PBXFrameworksBuildPhase section */

/* Begin PBXGroup section */
		E90C774B22A086AB001AFD7A = {
			isa = PBXGroup;
			children = (
				E90C775622A086AB001AFD7A /* GithubRepoSearchApp */,
				E90C776B22A086AE001AFD7A /* GithubRepoSearchAppTests */,
				E90C777622A086AE001AFD7A /* GithubRepoSearchAppUITests */,
				E90C775522A086AB001AFD7A /* Products */,
			);
			sourceTree = "<group>";
		};
		E90C775522A086AB001AFD7A /* Products */ = {
			isa = PBXGroup;
			children = (
				E90C775422A086AB001AFD7A /* GithubRepoSearchApp.app */,
				E90C776822A086AE001AFD7A /* GithubRepoSearchAppTests.xctest */,
				E90C777322A086AE001AFD7A /* GithubRepoSearchAppUITests.xctest */,
			);
			name = Products;
			sourceTree = "<group>";
		};
		E90C775622A086AB001AFD7A /* GithubRepoSearchApp */ = {
			isa = PBXGroup;
			children = (
				E90C775722A086AB001AFD7A /* AppDelegate.swift */,
				E90C775922A086AB001AFD7A /* ViewController.swift */,
				E90C775B22A086AB001AFD7A /* Main.storyboard */,
				E90C775E22A086AD001AFD7A /* Assets.xcassets */,
				E90C776022A086AD001AFD7A /* LaunchScreen.storyboard */,
				E90C776322A086AD001AFD7A /* Info.plist */,
			);
			path = GithubRepoSearchApp;
			sourceTree = "<group>";
		};
		E90C776B22A086AE001AFD7A /* GithubRepoSearchAppTests */ = {
			isa = PBXGroup;
			children = (
				E90C776C22A086AE001AFD7A /* GithubRepoSearchAppTests.swift */,
				E90C776E22A086AE001AFD7A /* Info.plist */,
			);
			path = GithubRepoSearchAppTests;
			sourceTree = "<group>";
		};
		E90C777622A086AE001AFD7A /* GithubRepoSearchAppUITests */ = {
			isa = PBXGroup;
			children = (
				E90C777722A086AE001AFD7A /* GithubRepoSearchAppUITests.swift */,
				E90C777922A086AE001AFD7A /* Info.plist */,
			);
			path = GithubRepoSearchAppUITests;
			sourceTree = "<group>";
		};
/* End PBXGroup section */

/* Begin PBXNativeTarget section */
		E90C775322A086AB001AFD7A /* GithubRepoSearchApp */ = {
			isa = PBXNativeTarget;
			buildConfigurationList = E90C777C22A086AE001AFD7A /* Build configuration list for PBXNativeTarget "GithubRepoSearchApp" */;
			buildPhases = (
				E90C775022A086AB001AFD7A /* Sources */,
				E90C775122A086AB001AFD7A /* Frameworks */,
				E90C775222A086AB001AFD7A /* Resources */,
			);
			buildRules = (
			);
			dependencies = (
			);
			name = GithubRepoSearchApp;
			productName = GithubRepoSearchApp;
			productReference = E90C775422A086AB001AFD7A /* GithubRepoSearchApp.app */;
			productType = "com.apple.product-type.application";
		};
		E90C776722A086AD001AFD7A /* GithubRepoSearchAppTests */ = {
			isa = PBXNativeTarget;
			buildConfigurationList = E90C777F22A086AE001AFD7A /* Build configuration list for PBXNativeTarget "GithubRepoSearchAppTests" */;
			buildPhases = (
				E90C776422A086AD001AFD7A /* Sources */,
				E90C776522A086AD001AFD7A /* Frameworks */,
				E90C776622A086AD001AFD7A /* Resources */,
			);
			buildRules = (
			);
			dependencies = (
				E90C776A22A086AE001AFD7A /* PBXTargetDependency */,
			);
			name = GithubRepoSearchAppTests;
			productName = GithubRepoSearchAppTests;
			productReference = E90C776822A086AE001AFD7A /* GithubRepoSearchAppTests.xctest */;
			productType = "com.apple.product-type.bundle.unit-test";
		};
		E90C777222A086AE001AFD7A /* GithubRepoSearchAppUITests */ = {
			isa = PBXNativeTarget;
			buildConfigurationList = E90C778222A086AE001AFD7A /* Build configuration list for PBXNativeTarget "GithubRepoSearchAppUITests" */;
			buildPhases = (
				E90C776F22A086AE001AFD7A /* Sources */,
				E90C777022A086AE001AFD7A /* Frameworks */,
				E90C777122A086AE001AFD7A /* Resources */,
			);
			buildRules = (
			);
			dependencies = (
				E90C777522A086AE001AFD7A /* PBXTargetDependency */,
			);
			name = GithubRepoSearchAppUITests;
			productName = GithubRepoSearchAppUITests;
			productReference = E90C777322A086AE001AFD7A /* GithubRepoSearchAppUITests.xctest */;
			productType = "com.apple.product-type.bundle.ui-testing";
		};
/* End PBXNativeTarget section */

/* Begin PBXProject section */
		E90C774C22A086AB001AFD7A /* Project object */ = {
			isa = PBXProject;
			attributes = {
				LastSwiftUpdateCheck = 1020;
				LastUpgradeCheck = 1020;
				ORGANIZATIONNAME = "Deep Yoga";
				TargetAttributes = {
					E90C775322A086AB001AFD7A = {
						CreatedOnToolsVersion = 10.2.1;
					};
					E90C776722A086AD001AFD7A = {
						CreatedOnToolsVersion = 10.2.1;
						TestTargetID = E90C775322A086AB001AFD7A;
					};
					E90C777222A086AE001AFD7A = {
						CreatedOnToolsVersion = 10.2.1;
						TestTargetID = E90C775322A086AB001AFD7A;
					};
				};
			};
			buildConfigurationList = E90C774F22A086AB001AFD7A /* Build configuration list for PBXProject "GithubRepoSearchApp" */;
			compatibilityVersion = "Xcode 9.3";
			developmentRegion = en;
			hasScannedForEncodings = 0;
			knownRegions = (
				en,
				Base,
			);
			mainGroup = E90C774B22A086AB001AFD7A;
			productRefGroup = E90C775522A086AB001AFD7A /* Products */;
			projectDirPath = "";
			projectRoot = "";
			targets = (
				E90C775322A086AB001AFD7A /* GithubRepoSearchApp */,
				E90C776722A086AD001AFD7A /* GithubRepoSearchAppTests */,
				E90C777222A086AE001AFD7A /* GithubRepoSearchAppUITests */,
			);
		};
/* End PBXProject section */

/* Begin PBXResourcesBuildPhase section */
		E90C775222A086AB001AFD7A /* Resources */ = {
			isa = PBXResourcesBuildPhase;
			buildActionMask = 2147483647;
			files = (
				E90C776222A086AD001AFD7A /* LaunchScreen.storyboard in Resources */,
				E90C775F22A086AD001AFD7A /* Assets.xcassets in Resources */,
				E90C775D22A086AB001AFD7A /* Main.storyboard in Resources */,
			);
			runOnlyForDeploymentPostprocessing = 0;
		};
		E90C776622A086AD001AFD7A /* Resources */ = {
			isa = PBXResourcesBuildPhase;
			buildActionMask = 2147483647;
			files = (
			);
			runOnlyForDeploymentPostprocessing = 0;
		};
		E90C777122A086AE001AFD7A /* Resources */ = {
			isa = PBXResourcesBuildPhase;
			buildActionMask = 2147483647;
			files = (
			);
			runOnlyForDeploymentPostprocessing = 0;
		};
/* End PBXResourcesBuildPhase section */

/* Begin PBXSourcesBuildPhase section */
		E90C775022A086AB001AFD7A /* Sources */ = {
			isa = PBXSourcesBuildPhase;
			buildActionMask = 2147483647;
			files = (
				E90C775A22A086AB001AFD7A /* ViewController.swift in Sources */,
				E90C775822A086AB001AFD7A /* AppDelegate.swift in Sources */,
			);
			runOnlyForDeploymentPostprocessing = 0;
		};
		E90C776422A086AD001AFD7A /* Sources */ = {
			isa = PBXSourcesBuildPhase;
			buildActionMask = 2147483647;
			files = (
				E90C776D22A086AE001AFD7A /* GithubRepoSearchAppTests.swift in Sources */,
			);
			runOnlyForDeploymentPostprocessing = 0;
		};
		E90C776F22A086AE001AFD7A /* Sources */ = {
			isa = PBXSourcesBuildPhase;
			buildActionMask = 2147483647;
			files = (
				E90C777822A086AE001AFD7A /* GithubRepoSearchAppUITests.swift in Sources */,
			);
			runOnlyForDeploymentPostprocessing = 0;
		};
/* End PBXSourcesBuildPhase section */

/* Begin PBXTargetDependency section */
		E90C776A22A086AE001AFD7A /* PBXTargetDependency */ = {
			isa = PBXTargetDependency;
			target = E90C775322A086AB001AFD7A /* GithubRepoSearchApp */;
			targetProxy = E90C776922A086AE001AFD7A /* PBXContainerItemProxy */;
		};
		E90C777522A086AE001AFD7A /* PBXTargetDependency */ = {
			isa = PBXTargetDependency;
			target = E90C775322A086AB001AFD7A /* GithubRepoSearchApp */;
			targetProxy = E90C777422A086AE001AFD7A /* PBXContainerItemProxy */;
		};
/* End PBXTargetDependency section */

/* Begin PBXVariantGroup section */
		E90C775B22A086AB001AFD7A /* Main.storyboard */ = {
			isa = PBXVariantGroup;
			children = (
				E90C775C22A086AB001AFD7A /* Base */,
			);
			name = Main.storyboard;
			sourceTree = "<group>";
		};
		E90C776022A086AD001AFD7A /* LaunchScreen.storyboard */ = {
			isa = PBXVariantGroup;
			children = (
				E90C776122A086AD001AFD7A /* Base */,
			);
			name = LaunchScreen.storyboard;
			sourceTree = "<group>";
		};
/* End PBXVariantGroup section */

/* Begin XCBuildConfiguration section */
		E90C777A22A086AE001AFD7A /* Debug */ = {
			isa = XCBuildConfiguration;
			buildSettings = {
				ALWAYS_SEARCH_USER_PATHS = NO;
				CLANG_ANALYZER_NONNULL = YES;
				CLANG_ANALYZER_NUMBER_OBJECT_CONVERSION = YES_AGGRESSIVE;
				CLANG_CXX_LANGUAGE_STANDARD = "gnu++14";
				CLANG_CXX_LIBRARY = "libc++";
				CLANG_ENABLE_MODULES = YES;
				CLANG_ENABLE_OBJC_ARC = YES;
				CLANG_ENABLE_OBJC_WEAK = YES;
				CLANG_WARN_BLOCK_CAPTURE_AUTORELEASING = YES;
				CLANG_WARN_BOOL_CONVERSION = YES;
				CLANG_WARN_COMMA = YES;
				CLANG_WARN_CONSTANT_CONVERSION = YES;
				CLANG_WARN_DEPRECATED_OBJC_IMPLEMENTATIONS = YES;
				CLANG_WARN_DIRECT_OBJC_ISA_USAGE = YES_ERROR;
				CLANG_WARN_DOCUMENTATION_COMMENTS = YES;
				CLANG_WARN_EMPTY_BODY = YES;
				CLANG_WARN_ENUM_CONVERSION = YES;
				CLANG_WARN_INFINITE_RECURSION = YES;
				CLANG_WARN_INT_CONVERSION = YES;
				CLANG_WARN_NON_LITERAL_NULL_CONVERSION = YES;
				CLANG_WARN_OBJC_IMPLICIT_RETAIN_SELF = YES;
				CLANG_WARN_OBJC_LITERAL_CONVERSION = YES;
				CLANG_WARN_OBJC_ROOT_CLASS = YES_ERROR;
				CLANG_WARN_RANGE_LOOP_ANALYSIS = YES;
				CLANG_WARN_STRICT_PROTOTYPES = YES;
				CLANG_WARN_SUSPICIOUS_MOVE = YES;
				CLANG_WARN_UNGUARDED_AVAILABILITY = YES_AGGRESSIVE;
				CLANG_WARN_UNREACHABLE_CODE = YES;
				CLANG_WARN__DUPLICATE_METHOD_MATCH = YES;
				CODE_SIGN_IDENTITY = "iPhone Developer";
				COPY_PHASE_STRIP = NO;
				DEBUG_INFORMATION_FORMAT = dwarf;
				ENABLE_STRICT_OBJC_MSGSEND = YES;
				ENABLE_TESTABILITY = YES;
				GCC_C_LANGUAGE_STANDARD = gnu11;
				GCC_DYNAMIC_NO_PIC = NO;
				GCC_NO_COMMON_BLOCKS = YES;
				GCC_OPTIMIZATION_LEVEL = 0;
				GCC_PREPROCESSOR_DEFINITIONS = (
					"DEBUG=1",
					"$(inherited)",
				);
				GCC_WARN_64_TO_32_BIT_CONVERSION = YES;
				GCC_WARN_ABOUT_RETURN_TYPE = YES_ERROR;
				GCC_WARN_UNDECLARED_SELECTOR = YES;
				GCC_WARN_UNINITIALIZED_AUTOS = YES_AGGRESSIVE;
				GCC_WARN_UNUSED_FUNCTION = YES;
				GCC_WARN_UNUSED_VARIABLE = YES;
				IPHONEOS_DEPLOYMENT_TARGET = 12.2;
				MTL_ENABLE_DEBUG_INFO = INCLUDE_SOURCE;
				MTL_FAST_MATH = YES;
				ONLY_ACTIVE_ARCH = YES;
				SDKROOT = iphoneos;
				SWIFT_ACTIVE_COMPILATION_CONDITIONS = DEBUG;
				SWIFT_OPTIMIZATION_LEVEL = "-Onone";
			};
			name = Debug;
		};
		E90C777B22A086AE001AFD7A /* Release */ = {
			isa = XCBuildConfiguration;
			buildSettings = {
				ALWAYS_SEARCH_USER_PATHS = NO;
				CLANG_ANALYZER_NONNULL = YES;
				CLANG_ANALYZER_NUMBER_OBJECT_CONVERSION = YES_AGGRESSIVE;
				CLANG_CXX_LANGUAGE_STANDARD = "gnu++14";
				CLANG_CXX_LIBRARY = "libc++";
				CLANG_ENABLE_MODULES = YES;
				CLANG_ENABLE_OBJC_ARC = YES;
				CLANG_ENABLE_OBJC_WEAK = YES;
				CLANG_WARN_BLOCK_CAPTURE_AUTORELEASING = YES;
				CLANG_WARN_BOOL_CONVERSION = YES;
				CLANG_WARN_COMMA = YES;
				CLANG_WARN_CONSTANT_CONVERSION = YES;
				CLANG_WARN_DEPRECATED_OBJC_IMPLEMENTATIONS = YES;
				CLANG_WARN_DIRECT_OBJC_ISA_USAGE = YES_ERROR;
				CLANG_WARN_DOCUMENTATION_COMMENTS = YES;
				CLANG_WARN_EMPTY_BODY = YES;
				CLANG_WARN_ENUM_CONVERSION = YES;
				CLANG_WARN_INFINITE_RECURSION = YES;
				CLANG_WARN_INT_CONVERSION = YES;
				CLANG_WARN_NON_LITERAL_NULL_CONVERSION = YES;
				CLANG_WARN_OBJC_IMPLICIT_RETAIN_SELF = YES;
				CLANG_WARN_OBJC_LITERAL_CONVERSION = YES;
				CLANG_WARN_OBJC_ROOT_CLASS = YES_ERROR;
				CLANG_WARN_RANGE_LOOP_ANALYSIS = YES;
				CLANG_WARN_STRICT_PROTOTYPES = YES;
				CLANG_WARN_SUSPICIOUS_MOVE = YES;
				CLANG_WARN_UNGUARDED_AVAILABILITY = YES_AGGRESSIVE;
				CLANG_WARN_UNREACHABLE_CODE = YES;
				CLANG_WARN__DUPLICATE_METHOD_MATCH = YES;
				CODE_SIGN_IDENTITY = "iPhone Developer";
				COPY_PHASE_STRIP = NO;
				DEBUG_INFORMATION_FORMAT = "dwarf-with-dsym";
				ENABLE_NS_ASSERTIONS = NO;
				ENABLE_STRICT_OBJC_MSGSEND = YES;
				GCC_C_LANGUAGE_STANDARD = gnu11;
				GCC_NO_COMMON_BLOCKS = YES;
				GCC_WARN_64_TO_32_BIT_CONVERSION = YES;
				GCC_WARN_ABOUT_RETURN_TYPE = YES_ERROR;
				GCC_WARN_UNDECLARED_SELECTOR = YES;
				GCC_WARN_UNINITIALIZED_AUTOS = YES_AGGRESSIVE;
				GCC_WARN_UNUSED_FUNCTION = YES;
				GCC_WARN_UNUSED_VARIABLE = YES;
				IPHONEOS_DEPLOYMENT_TARGET = 12.2;
				MTL_ENABLE_DEBUG_INFO = NO;
				MTL_FAST_MATH = YES;
				SDKROOT = iphoneos;
				SWIFT_COMPILATION_MODE = wholemodule;
				SWIFT_OPTIMIZATION_LEVEL = "-O";
				VALIDATE_PRODUCT = YES;
			};
			name = Release;
		};
		E90C777D22A086AE001AFD7A /* Debug */ = {
			isa = XCBuildConfiguration;
			buildSettings = {
				ASSETCATALOG_COMPILER_APPICON_NAME = AppIcon;
				CODE_SIGN_STYLE = Automatic;
				DEVELOPMENT_TEAM = V733AGVCML;
				INFOPLIST_FILE = GithubRepoSearchApp/Info.plist;
				LD_RUNPATH_SEARCH_PATHS = (
					"$(inherited)",
					"@executable_path/Frameworks",
				);
				PRODUCT_BUNDLE_IDENTIFIER = de.yoga.deep.GithubRepoSearchApp;
				PRODUCT_NAME = "$(TARGET_NAME)";
				SWIFT_VERSION = 5.0;
				TARGETED_DEVICE_FAMILY = "1,2";
			};
			name = Debug;
		};
		E90C777E22A086AE001AFD7A /* Release */ = {
			isa = XCBuildConfiguration;
			buildSettings = {
				ASSETCATALOG_COMPILER_APPICON_NAME = AppIcon;
				CODE_SIGN_STYLE = Automatic;
				DEVELOPMENT_TEAM = V733AGVCML;
				INFOPLIST_FILE = GithubRepoSearchApp/Info.plist;
				LD_RUNPATH_SEARCH_PATHS = (
					"$(inherited)",
					"@executable_path/Frameworks",
				);
				PRODUCT_BUNDLE_IDENTIFIER = de.yoga.deep.GithubRepoSearchApp;
				PRODUCT_NAME = "$(TARGET_NAME)";
				SWIFT_VERSION = 5.0;
				TARGETED_DEVICE_FAMILY = "1,2";
			};
			name = Release;
		};
		E90C778022A086AE001AFD7A /* Debug */ = {
			isa = XCBuildConfiguration;
			buildSettings = {
				ALWAYS_EMBED_SWIFT_STANDARD_LIBRARIES = YES;
				BUNDLE_LOADER = "$(TEST_HOST)";
				CODE_SIGN_STYLE = Automatic;
				DEVELOPMENT_TEAM = V733AGVCML;
				INFOPLIST_FILE = GithubRepoSearchAppTests/Info.plist;
				LD_RUNPATH_SEARCH_PATHS = (
					"$(inherited)",
					"@executable_path/Frameworks",
					"@loader_path/Frameworks",
				);
				PRODUCT_BUNDLE_IDENTIFIER = de.yoga.deep.GithubRepoSearchAppTests;
				PRODUCT_NAME = "$(TARGET_NAME)";
				SWIFT_VERSION = 5.0;
				TARGETED_DEVICE_FAMILY = "1,2";
				TEST_HOST = "$(BUILT_PRODUCTS_DIR)/GithubRepoSearchApp.app/GithubRepoSearchApp";
			};
			name = Debug;
		};
		E90C778122A086AE001AFD7A /* Release */ = {
			isa = XCBuildConfiguration;
			buildSettings = {
				ALWAYS_EMBED_SWIFT_STANDARD_LIBRARIES = YES;
				BUNDLE_LOADER = "$(TEST_HOST)";
				CODE_SIGN_STYLE = Automatic;
				DEVELOPMENT_TEAM = V733AGVCML;
				INFOPLIST_FILE = GithubRepoSearchAppTests/Info.plist;
				LD_RUNPATH_SEARCH_PATHS = (
					"$(inherited)",
					"@executable_path/Frameworks",
					"@loader_path/Frameworks",
				);
				PRODUCT_BUNDLE_IDENTIFIER = de.yoga.deep.GithubRepoSearchAppTests;
				PRODUCT_NAME = "$(TARGET_NAME)";
				SWIFT_VERSION = 5.0;
				TARGETED_DEVICE_FAMILY = "1,2";
				TEST_HOST = "$(BUILT_PRODUCTS_DIR)/GithubRepoSearchApp.app/GithubRepoSearchApp";
			};
			name = Release;
		};
		E90C778322A086AE001AFD7A /* Debug */ = {
			isa = XCBuildConfiguration;
			buildSettings = {
				ALWAYS_EMBED_SWIFT_STANDARD_LIBRARIES = YES;
				CODE_SIGN_STYLE = Automatic;
				DEVELOPMENT_TEAM = V733AGVCML;
				INFOPLIST_FILE = GithubRepoSearchAppUITests/Info.plist;
				LD_RUNPATH_SEARCH_PATHS = (
					"$(inherited)",
					"@executable_path/Frameworks",
					"@loader_path/Frameworks",
				);
				PRODUCT_BUNDLE_IDENTIFIER = de.yoga.deep.GithubRepoSearchAppUITests;
				PRODUCT_NAME = "$(TARGET_NAME)";
				SWIFT_VERSION = 5.0;
				TARGETED_DEVICE_FAMILY = "1,2";
				TEST_TARGET_NAME = GithubRepoSearchApp;
			};
			name = Debug;
		};
		E90C778422A086AE001AFD7A /* Release */ = {
			isa = XCBuildConfiguration;
			buildSettings = {
				ALWAYS_EMBED_SWIFT_STANDARD_LIBRARIES = YES;
				CODE_SIGN_STYLE = Automatic;
				DEVELOPMENT_TEAM = V733AGVCML;
				INFOPLIST_FILE = GithubRepoSearchAppUITests/Info.plist;
				LD_RUNPATH_SEARCH_PATHS = (
					"$(inherited)",
					"@executable_path/Frameworks",
					"@loader_path/Frameworks",
				);
				PRODUCT_BUNDLE_IDENTIFIER = de.yoga.deep.GithubRepoSearchAppUITests;
				PRODUCT_NAME = "$(TARGET_NAME)";
				SWIFT_VERSION = 5.0;
				TARGETED_DEVICE_FAMILY = "1,2";
				TEST_TARGET_NAME = GithubRepoSearchApp;
			};
			name = Release;
		};
/* End XCBuildConfiguration section */

/* Begin XCConfigurationList section */
		E90C774F22A086AB001AFD7A /* Build configuration list for PBXProject "GithubRepoSearchApp" */ = {
			isa = XCConfigurationList;
			buildConfigurations = (
				E90C777A22A086AE001AFD7A /* Debug */,
				E90C777B22A086AE001AFD7A /* Release */,
			);
			defaultConfigurationIsVisible = 0;
			defaultConfigurationName = Release;
		};
		E90C777C22A086AE001AFD7A /* Build configuration list for PBXNativeTarget "GithubRepoSearchApp" */ = {
			isa = XCConfigurationList;
			buildConfigurations = (
				E90C777D22A086AE001AFD7A /* Debug */,
				E90C777E22A086AE001AFD7A /* Release */,
			);
			defaultConfigurationIsVisible = 0;
			defaultConfigurationName = Release;
		};
		E90C777F22A086AE001AFD7A /* Build configuration list for PBXNativeTarget "GithubRepoSearchAppTests" */ = {
			isa = XCConfigurationList;
			buildConfigurations = (
				E90C778022A086AE001AFD7A /* Debug */,
				E90C778122A086AE001AFD7A /* Release */,
			);
			defaultConfigurationIsVisible = 0;
			defaultConfigurationName = Release;
		};
		E90C778222A086AE001AFD7A /* Build configuration list for PBXNativeTarget "GithubRepoSearchAppUITests" */ = {
			isa = XCConfigurationList;
			buildConfigurations = (
				E90C778322A086AE001AFD7A /* Debug */,
				E90C778422A086AE001AFD7A /* Release */,
			);
			defaultConfigurationIsVisible = 0;
			defaultConfigurationName = Release;
		};
/* End XCConfigurationList section */
	};
	rootObject = E90C774C22A086AB001AFD7A /* Project object */;
}
